
Microsoft Visual Studio Solution File, Format Version 12.00
# Visual Studio Version 16
VisualStudioVersion = 25.0.1706.4
MinimumVisualStudioVersion = 10.0.40219.1
Project("{FAE04EC0-301F-11D3-BF4B-00C04F79EFBC}") = "WebAppTest", "WebAppTest.csproj", "{51FC366E-5E98-4FB3-9D91-7C6701AC1B3E}"
EndProject
Global
	GlobalSection(SolutionConfigurationPlatforms) = preSolution
		Debug|Any CPU = Debug|Any CPU
		Release|Any CPU = Release|Any CPU
	EndGlobalSection
	GlobalSection(ProjectConfigurationPlatforms) = postSolution
		{51FC366E-5E98-4FB3-9D91-7C6701AC1B3E}.Debug|Any CPU.ActiveCfg = Debug|Any CPU
		{51FC366E-5E98-4FB3-9D91-7C6701AC1B3E}.Debug|Any CPU.Build.0 = Debug|Any CPU
		{51FC366E-5E98-4FB3-9D91-7C6701AC1B3E}.Release|Any CPU.ActiveCfg = Release|Any CPU
		{51FC366E-5E98-4FB3-9D91-7C6701AC1B3E}.Release|Any CPU.Build.0 = Release|Any CPU
	EndGlobalSection
	GlobalSection(SolutionProperties) = preSolution
		HideSolutionNode = FALSE
	EndGlobalSection
	GlobalSection(ExtensibilityGlobals) = postSolution
		SolutionGuid = {10FE89A0-8704-48B8-B51E-A06B0413B5DE}
	EndGlobalSection
EndGlobal
